
Microsoft Visual Studio Solution File, Format Version 12.00
# Visual Studio Version 17
VisualStudioVersion = 17.11.35312.102
MinimumVisualStudioVersion = 10.0.40219.1
Project("{FAE04EC0-301F-11D3-BF4B-00C04F79EFBC}") = "WindowCalender", "WindowCalender\WindowCalender.csproj", "{7360B699-95CD-43D5-B0E4-F981FEE51114}"
EndProject
Project("{FAE04EC0-301F-11D3-BF4B-00C04F79EFBC}") = "WindowSchedule", "WindowSchedule\WindowSchedule.csproj", "{0F19D70A-11C5-49DA-A9FA-6F698E2EBC4E}"
EndProject
Project("{FAE04EC0-301F-11D3-BF4B-00C04F79EFBC}") = "classLib1", "classLib1\classLib1.csproj", "{DBE040D4-779D-4C7E-921B-082C91987B4C}"
EndProject
Global
	GlobalSection(SolutionConfigurationPlatforms) = preSolution
		Debug|Any CPU = Debug|Any CPU
		Release|Any CPU = Release|Any CPU
	EndGlobalSection
	GlobalSection(ProjectConfigurationPlatforms) = postSolution
		{7360B699-95CD-43D5-B0E4-F981FEE51114}.Debug|Any CPU.ActiveCfg = Debug|Any CPU
		{7360B699-95CD-43D5-B0E4-F981FEE51114}.Debug|Any CPU.Build.0 = Debug|Any CPU
		{7360B699-95CD-43D5-B0E4-F981FEE51114}.Release|Any CPU.ActiveCfg = Release|Any CPU
		{7360B699-95CD-43D5-B0E4-F981FEE51114}.Release|Any CPU.Build.0 = Release|Any CPU
		{0F19D70A-11C5-49DA-A9FA-6F698E2EBC4E}.Debug|Any CPU.ActiveCfg = Debug|Any CPU
		{0F19D70A-11C5-49DA-A9FA-6F698E2EBC4E}.Debug|Any CPU.Build.0 = Debug|Any CPU
		{0F19D70A-11C5-49DA-A9FA-6F698E2EBC4E}.Release|Any CPU.ActiveCfg = Release|Any CPU
		{0F19D70A-11C5-49DA-A9FA-6F698E2EBC4E}.Release|Any CPU.Build.0 = Release|Any CPU
		{DBE040D4-779D-4C7E-921B-082C91987B4C}.Debug|Any CPU.ActiveCfg = Debug|Any CPU
		{DBE040D4-779D-4C7E-921B-082C91987B4C}.Debug|Any CPU.Build.0 = Debug|Any CPU
		{DBE040D4-779D-4C7E-921B-082C91987B4C}.Release|Any CPU.ActiveCfg = Release|Any CPU
		{DBE040D4-779D-4C7E-921B-082C91987B4C}.Release|Any CPU.Build.0 = Release|Any CPU
	EndGlobalSection
	GlobalSection(SolutionProperties) = preSolution
		HideSolutionNode = FALSE
	EndGlobalSection
	GlobalSection(ExtensibilityGlobals) = postSolution
		SolutionGuid = {5489D390-214D-4915-841D-2C75EAEA78B7}
	EndGlobalSection
EndGlobal
